Microsoft Visual Studio Solution File, Format Version 12.00
# Visual Studio Version 16
VisualStudioVersion = 16.0.0.0
MinimumVisualStudioVersion = 16.0.0.0
Project("{9A19103F-16F7-4668-BE54-9A1E7A4F7556}") = "StronglyTypedWasmClient.Server", "src\Server\StronglyTypedWasmClient.Server.csproj", "{03DA3F53-00B2-4D5C-8CD3-BD8040D72AE1}"
EndProject
Project("{9A19103F-16F7-4668-BE54-9A1E7A4F7556}") = "StronglyTypedWasmClient.Client", "src\Client\StronglyTypedWasmClient.Client.csproj", "{F074178A-9D51-4A2C-90B3-C7A71D01D868}"
EndProject
Project("{9A19103F-16F7-4668-BE54-9A1E7A4F7556}") = "StronglyTypedWasmClient.Shared", "src\Shared\StronglyTypedWasmClient.Shared.csproj", "{1C91A412-A959-4711-9F03-B4FFF1D97E92}"
EndProject
Global
	GlobalSection(SolutionConfigurationPlatforms) = preSolution
		Debug|Any CPU = Debug|Any CPU
		Debug|x64 = Debug|x64
		Debug|x86 = Debug|x86
		Release|Any CPU = Release|Any CPU
		Release|x64 = Release|x64
		Release|x86 = Release|x86
	EndGlobalSection
	GlobalSection(ProjectConfigurationPlatforms) = postSolution
		{F074178A-9D51-4A2C-90B3-C7A71D01D868}.Debug|Any CPU.ActiveCfg = Debug|Any CPU
		{F074178A-9D51-4A2C-90B3-C7A71D01D868}.Debug|Any CPU.Build.0 = Debug|Any CPU
		{F074178A-9D51-4A2C-90B3-C7A71D01D868}.Debug|x64.ActiveCfg = Debug|Any CPU
		{F074178A-9D51-4A2C-90B3-C7A71D01D868}.Debug|x64.Build.0 = Debug|Any CPU
		{F074178A-9D51-4A2C-90B3-C7A71D01D868}.Debug|x86.ActiveCfg = Debug|Any CPU
		{F074178A-9D51-4A2C-90B3-C7A71D01D868}.Debug|x86.Build.0 = Debug|Any CPU
		{F074178A-9D51-4A2C-90B3-C7A71D01D868}.Release|Any CPU.ActiveCfg = Release|Any CPU
		{F074178A-9D51-4A2C-90B3-C7A71D01D868}.Release|Any CPU.Build.0 = Release|Any CPU
		{F074178A-9D51-4A2C-90B3-C7A71D01D868}.Release|x64.ActiveCfg = Release|Any CPU
		{F074178A-9D51-4A2C-90B3-C7A71D01D868}.Release|x64.Build.0 = Release|Any CPU
		{F074178A-9D51-4A2C-90B3-C7A71D01D868}.Release|x86.ActiveCfg = Release|Any CPU
		{F074178A-9D51-4A2C-90B3-C7A71D01D868}.Release|x86.Build.0 = Release|Any CPU
		{03DA3F53-00B2-4D5C-8CD3-BD8040D72AE1}.Debug|Any CPU.ActiveCfg = Debug|Any CPU
		{03DA3F53-00B2-4D5C-8CD3-BD8040D72AE1}.Debug|Any CPU.Build.0 = Debug|Any CPU
		{03DA3F53-00B2-4D5C-8CD3-BD8040D72AE1}.Debug|x64.ActiveCfg = Debug|Any CPU
		{03DA3F53-00B2-4D5C-8CD3-BD8040D72AE1}.Debug|x64.Build.0 = Debug|Any CPU
		{03DA3F53-00B2-4D5C-8CD3-BD8040D72AE1}.Debug|x86.ActiveCfg = Debug|Any CPU
		{03DA3F53-00B2-4D5C-8CD3-BD8040D72AE1}.Debug|x86.Build.0 = Debug|Any CPU
		{03DA3F53-00B2-4D5C-8CD3-BD8040D72AE1}.Release|Any CPU.ActiveCfg = Release|Any CPU
		{03DA3F53-00B2-4D5C-8CD3-BD8040D72AE1}.Release|Any CPU.Build.0 = Release|Any CPU
		{03DA3F53-00B2-4D5C-8CD3-BD8040D72AE1}.Release|x64.ActiveCfg = Release|Any CPU
		{03DA3F53-00B2-4D5C-8CD3-BD8040D72AE1}.Release|x64.Build.0 = Release|Any CPU
		{03DA3F53-00B2-4D5C-8CD3-BD8040D72AE1}.Release|x86.ActiveCfg = Release|Any CPU
		{03DA3F53-00B2-4D5C-8CD3-BD8040D72AE1}.Release|x86.Build.0 = Release|Any CPU
		{1C91A412-A959-4711-9F03-B4FFF1D97E92}.Debug|Any CPU.ActiveCfg = Debug|Any CPU
		{1C91A412-A959-4711-9F03-B4FFF1D97E92}.Debug|Any CPU.Build.0 = Debug|Any CPU
		{1C91A412-A959-4711-9F03-B4FFF1D97E92}.Debug|x64.ActiveCfg = Debug|Any CPU
		{1C91A412-A959-4711-9F03-B4FFF1D97E92}.Debug|x64.Build.0 = Debug|Any CPU
		{1C91A412-A959-4711-9F03-B4FFF1D97E92}.Debug|x86.ActiveCfg = Debug|Any CPU
		{1C91A412-A959-4711-9F03-B4FFF1D97E92}.Debug|x86.Build.0 = Debug|Any CPU
		{1C91A412-A959-4711-9F03-B4FFF1D97E92}.Release|Any CPU.ActiveCfg = Release|Any CPU
		{1C91A412-A959-4711-9F03-B4FFF1D97E92}.Release|Any CPU.Build.0 = Release|Any CPU
		{1C91A412-A959-4711-9F03-B4FFF1D97E92}.Release|x64.ActiveCfg = Release|Any CPU
		{1C91A412-A959-4711-9F03-B4FFF1D97E92}.Release|x64.Build.0 = Release|Any CPU
		{1C91A412-A959-4711-9F03-B4FFF1D97E92}.Release|x86.ActiveCfg = Release|Any CPU
		{1C91A412-A959-4711-9F03-B4FFF1D97E92}.Release|x86.Build.0 = Release|Any CPU
	EndGlobalSection
	GlobalSection(SolutionProperties) = preSolution
		HideSolutionNode = FALSE
	EndGlobalSection
	GlobalSection(ExtensibilityGlobals) = postSolution
		SolutionGuid = {F5622E52-5E6A-4CBC-8221-893AEB9BCDCA}
	EndGlobalSection
EndGlobal